// !$*UTF8*$!
{
	archiveVersion = 1;
	classes = {
	};
	objectVersion = 56;
	objects = {

/* Begin PBXBuildFile section */
		A1234567890ABCDEF001 /* ManusPsiqueiaApp.swift in Sources */ = {isa = PBXBuildFile; fileRef = A1234567890ABCDEF002 /* ManusPsiqueiaApp.swift */; };
		A1234567890ABCDEF003 /* ContentView.swift in Sources */ = {isa = PBXBuildFile; fileRef = A1234567890ABCDEF004 /* ContentView.swift */; };
		A1234567890ABCDEF005 /* Assets.xcassets in Resources */ = {isa = PBXBuildFile; fileRef = A1234567890ABCDEF006 /* Assets.xcassets */; };
		A1234567890ABCDEF007 /* Preview Assets.xcassets in Resources */ = {isa = PBXBuildFile; fileRef = A1234567890ABCDEF008 /* Preview Assets.xcassets */; };
		A1234567890ABCDEF009 /* User.swift in Sources */ = {isa = PBXBuildFile; fileRef = A1234567890ABCDEF00A /* User.swift */; };
		A1234567890ABCDEF00B /* Subscription.swift in Sources */ = {isa = PBXBuildFile; fileRef = A1234567890ABCDEF00C /* Subscription.swift */; };
		A1234567890ABCDEF00D /* Payment.swift in Sources */ = {isa = PBXBuildFile; fileRef = A1234567890ABCDEF00E /* Payment.swift */; };
		A1234567890ABCDEF00F /* AuthenticationManager.swift in Sources */ = {isa = PBXBuildFile; fileRef = A1234567890ABCDEF010 /* AuthenticationManager.swift */; };
		A1234567890ABCDEF011 /* SubscriptionManager.swift in Sources */ = {isa = PBXBuildFile; fileRef = A1234567890ABCDEF012 /* SubscriptionManager.swift */; };
		A1234567890ABCDEF013 /* StripeManager.swift in Sources */ = {isa = PBXBuildFile; fileRef = A1234567890ABCDEF014 /* StripeManager.swift */; };
		A1234567890ABCDEF015 /* NetworkManager.swift in Sources */ = {isa = PBXBuildFile; fileRef = A1234567890ABCDEF016 /* NetworkManager.swift */; };
		A1234567890ABCDEF017 /* OnboardingView.swift in Sources */ = {isa = PBXBuildFile; fileRef = A1234567890ABCDEF018 /* OnboardingView.swift */; };
		A1234567890ABCDEF019 /* PsychologistDashboardView.swift in Sources */ = {isa = PBXBuildFile; fileRef = A1234567890ABCDEF01A /* PsychologistDashboardView.swift */; };
		A1234567890ABCDEF01B /* PatientDashboardView.swift in Sources */ = {isa = PBXBuildFile; fileRef = A1234567890ABCDEF01C /* PatientDashboardView.swift */; };
		A1234567890ABCDEF01D /* SubscriptionView.swift in Sources */ = {isa = PBXBuildFile; fileRef = A1234567890ABCDEF01E /* SubscriptionView.swift */; };
		A1234567890ABCDEF01F /* FinancialDashboardView.swift in Sources */ = {isa = PBXBuildFile; fileRef = A1234567890ABCDEF020 /* FinancialDashboardView.swift */; };
/* End PBXBuildFile section */

/* Begin PBXFileReference section */
		A1234567890ABCDEF001 /* ManusPsiqueia.app */ = {isa = PBXFileReference; explicitFileType = wrapper.application; includeInIndex = 0; path = ManusPsiqueia.app; sourceTree = BUILT_PRODUCTS_DIR; };
		A1234567890ABCDEF002 /* ManusPsiqueiaApp.swift */ = {isa = PBXFileReference; lastKnownFileType = sourcecode.swift; path = ManusPsiqueiaApp.swift; sourceTree = "<group>"; };
		A1234567890ABCDEF004 /* ContentView.swift */ = {isa = PBXFileReference; lastKnownFileType = sourcecode.swift; path = ContentView.swift; sourceTree = "<group>"; };
		A1234567890ABCDEF006 /* Assets.xcassets */ = {isa = PBXFileReference; lastKnownFileType = folder.assetcatalog; path = Assets.xcassets; sourceTree = "<group>"; };
		A1234567890ABCDEF008 /* Preview Assets.xcassets */ = {isa = PBXFileReference; lastKnownFileType = folder.assetcatalog; path = "Preview Assets.xcassets"; sourceTree = "<group>"; };
		A1234567890ABCDEF00A /* User.swift */ = {isa = PBXFileReference; lastKnownFileType = sourcecode.swift; path = User.swift; sourceTree = "<group>"; };
		A1234567890ABCDEF00C /* Subscription.swift */ = {isa = PBXFileReference; lastKnownFileType = sourcecode.swift; path = Subscription.swift; sourceTree = "<group>"; };
		A1234567890ABCDEF00E /* Payment.swift */ = {isa = PBXFileReference; lastKnownFileType = sourcecode.swift; path = Payment.swift; sourceTree = "<group>"; };
		A1234567890ABCDEF010 /* AuthenticationManager.swift */ = {isa = PBXFileReference; lastKnownFileType = sourcecode.swift; path = AuthenticationManager.swift; sourceTree = "<group>"; };
		A1234567890ABCDEF012 /* SubscriptionManager.swift */ = {isa = PBXFileReference; lastKnownFileType = sourcecode.swift; path = SubscriptionManager.swift; sourceTree = "<group>"; };
		A1234567890ABCDEF014 /* StripeManager.swift */ = {isa = PBXFileReference; lastKnownFileType = sourcecode.swift; path = StripeManager.swift; sourceTree = "<group>"; };
		A1234567890ABCDEF016 /* NetworkManager.swift */ = {isa = PBXFileReference; lastKnownFileType = sourcecode.swift; path = NetworkManager.swift; sourceTree = "<group>"; };
		A1234567890ABCDEF018 /* OnboardingView.swift */ = {isa = PBXFileReference; lastKnownFileType = sourcecode.swift; path = OnboardingView.swift; sourceTree = "<group>"; };
		A1234567890ABCDEF01A /* PsychologistDashboardView.swift */ = {isa = PBXFileReference; lastKnownFileType = sourcecode.swift; path = PsychologistDashboardView.swift; sourceTree = "<group>"; };
		A1234567890ABCDEF01C /* PatientDashboardView.swift */ = {isa = PBXFileReference; lastKnownFileType = sourcecode.swift; path = PatientDashboardView.swift; sourceTree = "<group>"; };
		A1234567890ABCDEF01E /* SubscriptionView.swift */ = {isa = PBXFileReference; lastKnownFileType = sourcecode.swift; path = SubscriptionView.swift; sourceTree = "<group>"; };
		A1234567890ABCDEF020 /* FinancialDashboardView.swift */ = {isa = PBXFileReference; lastKnownFileType = sourcecode.swift; path = FinancialDashboardView.swift; sourceTree = "<group>"; };
		A1234567890ABCDEF022 /* Info.plist */ = {isa = PBXFileReference; lastKnownFileType = text.plist.xml; path = Info.plist; sourceTree = "<group>"; };
/* End PBXFileReference section */

/* Begin PBXFrameworksBuildPhase section */
		A1234567890ABCDEF023 /* Frameworks */ = {
			isa = PBXFrameworksBuildPhase;
			buildActionMask = 2147483647;
			files = (
			);
			runOnlyForDeploymentPostprocessing = 0;
		};
/* End PBXFrameworksBuildPhase section */

/* Begin PBXGroup section */
		A1234567890ABCDEF024 = {
			isa = PBXGroup;
			children = (
				A1234567890ABCDEF025 /* ManusPsiqueia */,
				A1234567890ABCDEF026 /* Products */,
			);
			sourceTree = "<group>";
		};
		A1234567890ABCDEF025 /* ManusPsiqueia */ = {
			isa = PBXGroup;
			children = (
				A1234567890ABCDEF002 /* ManusPsiqueiaApp.swift */,
				A1234567890ABCDEF004 /* ContentView.swift */,
				A1234567890ABCDEF027 /* Models */,
				A1234567890ABCDEF028 /* Views */,
				A1234567890ABCDEF029 /* ViewModels */,
				A1234567890ABCDEF02A /* Managers */,
				A1234567890ABCDEF02B /* Services */,
				A1234567890ABCDEF02C /* Utils */,
				A1234567890ABCDEF02D /* Resources */,
				A1234567890ABCDEF02E /* Extensions */,
				A1234567890ABCDEF022 /* Info.plist */,
				A1234567890ABCDEF02F /* Preview Content */,
			);
			path = ManusPsiqueia;
			sourceTree = "<group>";
		};
		A1234567890ABCDEF026 /* Products */ = {
			isa = PBXGroup;
			children = (
				A1234567890ABCDEF001 /* ManusPsiqueia.app */,
			);
			name = Products;
			sourceTree = "<group>";
		};
		A1234567890ABCDEF027 /* Models */ = {
			isa = PBXGroup;
			children = (
				A1234567890ABCDEF00A /* User.swift */,
				A1234567890ABCDEF00C /* Subscription.swift */,
				A1234567890ABCDEF00E /* Payment.swift */,
			);
			path = Models;
			sourceTree = "<group>";
		};
		A1234567890ABCDEF028 /* Views */ = {
			isa = PBXGroup;
			children = (
				A1234567890ABCDEF018 /* OnboardingView.swift */,
				A1234567890ABCDEF01A /* PsychologistDashboardView.swift */,
				A1234567890ABCDEF01C /* PatientDashboardView.swift */,
				A1234567890ABCDEF01E /* SubscriptionView.swift */,
				A1234567890ABCDEF020 /* FinancialDashboardView.swift */,
			);
			path = Views;
			sourceTree = "<group>";
		};
		A1234567890ABCDEF029 /* ViewModels */ = {
			isa = PBXGroup;
			children = (
			);
			path = ViewModels;
			sourceTree = "<group>";
		};
		A1234567890ABCDEF02A /* Managers */ = {
			isa = PBXGroup;
			children = (
				A1234567890ABCDEF010 /* AuthenticationManager.swift */,
				A1234567890ABCDEF012 /* SubscriptionManager.swift */,
				A1234567890ABCDEF014 /* StripeManager.swift */,
				A1234567890ABCDEF016 /* NetworkManager.swift */,
			);
			path = Managers;
			sourceTree = "<group>";
		};
		A1234567890ABCDEF02B /* Services */ = {
			isa = PBXGroup;
			children = (
			);
			path = Services;
			sourceTree = "<group>";
		};
		A1234567890ABCDEF02C /* Utils */ = {
			isa = PBXGroup;
			children = (
			);
			path = Utils;
			sourceTree = "<group>";
		};
		A1234567890ABCDEF02D /* Resources */ = {
			isa = PBXGroup;
			children = (
				A1234567890ABCDEF006 /* Assets.xcassets */,
			);
			path = Resources;
			sourceTree = "<group>";
		};
		A1234567890ABCDEF02E /* Extensions */ = {
			isa = PBXGroup;
			children = (
			);
			path = Extensions;
			sourceTree = "<group>";
		};
		A1234567890ABCDEF02F /* Preview Content */ = {
			isa = PBXGroup;
			children = (
				A1234567890ABCDEF008 /* Preview Assets.xcassets */,
			);
			path = "Preview Content";
			sourceTree = "<group>";
		};
/* End PBXGroup section */

/* Begin PBXNativeTarget section */
		A1234567890ABCDEF030 /* ManusPsiqueia */ = {
			isa = PBXNativeTarget;
			buildConfigurationList = A1234567890ABCDEF031 /* Build configuration list for PBXNativeTarget "ManusPsiqueia" */;
			buildPhases = (
				A1234567890ABCDEF032 /* Sources */,
				A1234567890ABCDEF023 /* Frameworks */,
				A1234567890ABCDEF033 /* Resources */,
			);
			buildRules = (
			);
			dependencies = (
			);
			name = ManusPsiqueia;
			packageProductDependencies = (
			);
			productName = ManusPsiqueia;
			productReference = A1234567890ABCDEF001 /* ManusPsiqueia.app */;
			productType = "com.apple.product-type.application";
		};
/* End PBXNativeTarget section */

/* Begin PBXProject section */
		A1234567890ABCDEF034 /* Project object */ = {
			isa = PBXProject;
			attributes = {
				BuildIndependentTargetsInParallel = 1;
				LastSwiftUpdateCheck = 1500;
				LastUpgradeCheck = 1500;
				TargetAttributes = {
					A1234567890ABCDEF030 = {
						CreatedOnToolsVersion = 15.0;
					};
				};
			};
			buildConfigurationList = A1234567890ABCDEF035 /* Build configuration list for PBXProject "ManusPsiqueia" */;
			compatibilityVersion = "Xcode 14.0";
			developmentRegion = "pt-BR";
			hasScannedForEncodings = 0;
			knownRegions = (
				"pt-BR",
				en,
				Base,
			);
			mainGroup = A1234567890ABCDEF024;
			packageReferences = (
			);
			productRefGroup = A1234567890ABCDEF026 /* Products */;
			projectDirPath = "";
			projectRoot = "";
			targets = (
				A1234567890ABCDEF030 /* ManusPsiqueia */,
			);
		};
/* End PBXProject section */

/* Begin PBXResourcesBuildPhase section */
		A1234567890ABCDEF033 /* Resources */ = {
			isa = PBXResourcesBuildPhase;
			buildActionMask = 2147483647;
			files = (
				A1234567890ABCDEF007 /* Preview Assets.xcassets in Resources */,
				A1234567890ABCDEF005 /* Assets.xcassets in Resources */,
			);
			runOnlyForDeploymentPostprocessing = 0;
		};
/* End PBXResourcesBuildPhase section */

/* Begin PBXSourcesBuildPhase section */
		A1234567890ABCDEF032 /* Sources */ = {
			isa = PBXSourcesBuildPhase;
			buildActionMask = 2147483647;
			files = (
				A1234567890ABCDEF003 /* ContentView.swift in Sources */,
				A1234567890ABCDEF009 /* User.swift in Sources */,
				A1234567890ABCDEF00B /* Subscription.swift in Sources */,
				A1234567890ABCDEF00D /* Payment.swift in Sources */,
				A1234567890ABCDEF00F /* AuthenticationManager.swift in Sources */,
				A1234567890ABCDEF011 /* SubscriptionManager.swift in Sources */,
				A1234567890ABCDEF013 /* StripeManager.swift in Sources */,
				A1234567890ABCDEF015 /* NetworkManager.swift in Sources */,
				A1234567890ABCDEF017 /* OnboardingView.swift in Sources */,
				A1234567890ABCDEF019 /* PsychologistDashboardView.swift in Sources */,
				A1234567890ABCDEF01B /* PatientDashboardView.swift in Sources */,
				A1234567890ABCDEF01D /* SubscriptionView.swift in Sources */,
				A1234567890ABCDEF01F /* FinancialDashboardView.swift in Sources */,
				A1234567890ABCDEF001 /* ManusPsiqueiaApp.swift in Sources */,
			);
			runOnlyForDeploymentPostprocessing = 0;
		};
/* End PBXSourcesBuildPhase section */

/* Begin XCBuildConfiguration section */
		A1234567890ABCDEF036 /* Debug */ = {
			isa = XCBuildConfiguration;
			buildSettings = {
				ALWAYS_SEARCH_USER_PATHS = NO;
				ASSETCATALOG_COMPILER_GENERATE_SWIFT_ASSET_SYMBOL_EXTENSIONS = YES;
				CLANG_ANALYZER_NONNULL = YES;
				CLANG_ANALYZER_NUMBER_OBJECT_CONVERSION = YES_AGGRESSIVE;
				CLANG_CXX_LANGUAGE_STANDARD = "gnu++20";
				CLANG_ENABLE_MODULES = YES;
				CLANG_ENABLE_OBJC_ARC = YES;
				CLANG_ENABLE_OBJC_WEAK = YES;
				CLANG_WARN_BLOCK_CAPTURE_AUTORELEASING = YES;
				CLANG_WARN_BOOL_CONVERSION = YES;
				CLANG_WARN_COMMA = YES;
				CLANG_WARN_CONSTANT_CONVERSION = YES;
				CLANG_WARN_DEPRECATED_OBJC_IMPLEMENTATIONS = YES;
				CLANG_WARN_DIRECT_OBJC_ISA_USAGE = YES_ERROR;
				CLANG_WARN_DOCUMENTATION_COMMENTS = YES;
				CLANG_WARN_EMPTY_BODY = YES;
				CLANG_WARN_ENUM_CONVERSION = YES;
				CLANG_WARN_INFINITE_RECURSION = YES;
				CLANG_WARN_INT_CONVERSION = YES;
				CLANG_WARN_NON_LITERAL_NULL_CONVERSION = YES;
				CLANG_WARN_OBJC_IMPLICIT_RETAIN_SELF = YES;
				CLANG_WARN_OBJC_LITERAL_CONVERSION = YES;
				CLANG_WARN_OBJC_ROOT_CLASS = YES_ERROR;
				CLANG_WARN_QUOTED_INCLUDE_IN_FRAMEWORK_HEADER = YES;
				CLANG_WARN_RANGE_LOOP_ANALYSIS = YES;
				CLANG_WARN_STRICT_PROTOTYPES = YES;
				CLANG_WARN_SUSPICIOUS_MOVE = YES;
				CLANG_WARN_UNGUARDED_AVAILABILITY = YES_AGGRESSIVE;
				CLANG_WARN_UNREACHABLE_CODE = YES;
				CLANG_WARN__DUPLICATE_METHOD_MATCH = YES;
				COPY_PHASE_STRIP = NO;
				DEBUG_INFORMATION_FORMAT = dwarf;
				ENABLE_STRICT_OBJC_MSGSEND = YES;
				ENABLE_TESTABILITY = YES;
				ENABLE_USER_SCRIPT_SANDBOXING = YES;
				GCC_C_LANGUAGE_STANDARD = gnu17;
				GCC_DYNAMIC_NO_PIC = NO;
				GCC_NO_COMMON_BLOCKS = YES;
				GCC_OPTIMIZATION_LEVEL = 0;
				GCC_PREPROCESSOR_DEFINITIONS = (
					"DEBUG=1",
					"$(inherited)",
				);
				GCC_WARN_64_TO_32_BIT_CONVERSION = YES;
				GCC_WARN_ABOUT_RETURN_TYPE = YES_ERROR;
				GCC_WARN_UNDECLARED_SELECTOR = YES;
				GCC_WARN_UNINITIALIZED_AUTOS = YES_AGGRESSIVE;
				GCC_WARN_UNUSED_FUNCTION = YES;
				GCC_WARN_UNUSED_VARIABLE = YES;
				IPHONEOS_DEPLOYMENT_TARGET = 16.0;
				LOCALIZATION_PREFERS_STRING_CATALOGS = YES;
				MTL_ENABLE_DEBUG_INFO = INCLUDE_SOURCE;
				MTL_FAST_MATH = YES;
				ONLY_ACTIVE_ARCH = YES;
				SDKROOT = iphoneos;
				SWIFT_ACTIVE_COMPILATION_CONDITIONS = "DEBUG $(inherited)";
				SWIFT_OPTIMIZATION_LEVEL = "-Onone";
			};
			name = Debug;
		};
		A1234567890ABCDEF037 /* Release */ = {
			isa = XCBuildConfiguration;
			buildSettings = {
				ALWAYS_SEARCH_USER_PATHS = NO;
				ASSETCATALOG_COMPILER_GENERATE_SWIFT_ASSET_SYMBOL_EXTENSIONS = YES;
				CLANG_ANALYZER_NONNULL = YES;
				CLANG_ANALYZER_NUMBER_OBJECT_CONVERSION = YES_AGGRESSIVE;
				CLANG_CXX_LANGUAGE_STANDARD = "gnu++20";
				CLANG_ENABLE_MODULES = YES;
				CLANG_ENABLE_OBJC_ARC = YES;
				CLANG_ENABLE_OBJC_WEAK = YES;
				CLANG_WARN_BLOCK_CAPTURE_AUTORELEASING = YES;
				CLANG_WARN_BOOL_CONVERSION = YES;
				CLANG_WARN_COMMA = YES;
				CLANG_WARN_CONSTANT_CONVERSION = YES;
				CLANG_WARN_DEPRECATED_OBJC_IMPLEMENTATIONS = YES;
				CLANG_WARN_DIRECT_OBJC_ISA_USAGE = YES_ERROR;
				CLANG_WARN_DOCUMENTATION_COMMENTS = YES;
				CLANG_WARN_EMPTY_BODY = YES;
				CLANG_WARN_ENUM_CONVERSION = YES;
				CLANG_WARN_INFINITE_RECURSION = YES;
				CLANG_WARN_INT_CONVERSION = YES;
				CLANG_WARN_NON_LITERAL_NULL_CONVERSION = YES;
				CLANG_WARN_OBJC_IMPLICIT_RETAIN_SELF = YES;
				CLANG_WARN_OBJC_LITERAL_CONVERSION = YES;
				CLANG_WARN_OBJC_ROOT_CLASS = YES_ERROR;
				CLANG_WARN_QUOTED_INCLUDE_IN_FRAMEWORK_HEADER = YES;
				CLANG_WARN_RANGE_LOOP_ANALYSIS = YES;
				CLANG_WARN_STRICT_PROTOTYPES = YES;
				CLANG_WARN_SUSPICIOUS_MOVE = YES;
				CLANG_WARN_UNGUARDED_AVAILABILITY = YES_AGGRESSIVE;
				CLANG_WARN_UNREACHABLE_CODE = YES;
				CLANG_WARN__DUPLICATE_METHOD_MATCH = YES;
				COPY_PHASE_STRIP = NO;
				DEBUG_INFORMATION_FORMAT = "dwarf-with-dsym";
				ENABLE_NS_ASSERTIONS = NO;
				ENABLE_STRICT_OBJC_MSGSEND = YES;
				ENABLE_USER_SCRIPT_SANDBOXING = YES;
				GCC_C_LANGUAGE_STANDARD = gnu17;
				GCC_NO_COMMON_BLOCKS = YES;
				GCC_WARN_64_TO_32_BIT_CONVERSION = YES;
				GCC_WARN_ABOUT_RETURN_TYPE = YES_ERROR;
				GCC_WARN_UNDECLARED_SELECTOR = YES;
				GCC_WARN_UNINITIALIZED_AUTOS = YES_AGGRESSIVE;
				GCC_WARN_UNUSED_FUNCTION = YES;
				GCC_WARN_UNUSED_VARIABLE = YES;
				IPHONEOS_DEPLOYMENT_TARGET = 16.0;
				LOCALIZATION_PREFERS_STRING_CATALOGS = YES;
				MTL_ENABLE_DEBUG_INFO = NO;
				MTL_FAST_MATH = YES;
				SDKROOT = iphoneos;
				SWIFT_COMPILATION_MODE = wholemodule;
				VALIDATE_PRODUCT = YES;
			};
			name = Release;
		};
		A1234567890ABCDEF038 /* Debug */ = {
			isa = XCBuildConfiguration;
			buildSettings = {
				ASSETCATALOG_COMPILER_APPICON_NAME = AppIcon;
				ASSETCATALOG_COMPILER_GLOBAL_ACCENT_COLOR_NAME = AccentColor;
				CODE_SIGN_STYLE = Automatic;
				CURRENT_PROJECT_VERSION = 1;
				DEVELOPMENT_ASSET_PATHS = "\"ManusPsiqueia/Preview Content\"";
				DEVELOPMENT_TEAM = "";
				ENABLE_PREVIEWS = YES;
				GENERATE_INFOPLIST_FILE = YES;
				INFOPLIST_FILE = ManusPsiqueia/Info.plist;
				INFOPLIST_KEY_CFBundleDisplayName = "Manus Psiqueia";
				INFOPLIST_KEY_UIApplicationSceneManifest_Generation = YES;
				INFOPLIST_KEY_UIApplicationSupportsIndirectInputEvents = YES;
				INFOPLIST_KEY_UILaunchScreen_Generation = YES;
				INFOPLIST_KEY_UISupportedInterfaceOrientations = UIInterfaceOrientationPortrait;
				INFOPLIST_KEY_UISupportedInterfaceOrientations_iPad = "UIInterfaceOrientationLandscapeLeft UIInterfaceOrientationLandscapeRight UIInterfaceOrientationPortrait UIInterfaceOrientationPortraitUpsideDown";
				IPHONEOS_DEPLOYMENT_TARGET = 16.0;
				LD_RUNPATH_SEARCH_PATHS = (
					"$(inherited)",
					"@executable_path/Frameworks",
				);
				MARKETING_VERSION = 1.0;
				PRODUCT_BUNDLE_IDENTIFIER = com.ailun.manuspsiqueia;
				PRODUCT_NAME = "$(TARGET_NAME)";
				SUPPORTED_PLATFORMS = "iphoneos iphonesimulator";
				SUPPORTS_MACCATALYST = NO;
				SUPPORTS_MAC_DESIGNED_FOR_IPHONE_IPAD = NO;
				SWIFT_EMIT_LOC_STRINGS = YES;
				SWIFT_VERSION = 5.0;
				TARGETED_DEVICE_FAMILY = 1;
			};
			name = Debug;
		};
		A1234567890ABCDEF039 /* Release */ = {
			isa = XCBuildConfiguration;
			buildSettings = {
				ASSETCATALOG_COMPILER_APPICON_NAME = AppIcon;
				ASSETCATALOG_COMPILER_GLOBAL_ACCENT_COLOR_NAME = AccentColor;
				CODE_SIGN_STYLE = Automatic;
				CURRENT_PROJECT_VERSION = 1;
				DEVELOPMENT_ASSET_PATHS = "\"ManusPsiqueia/Preview Content\"";
				DEVELOPMENT_TEAM = "";
				ENABLE_PREVIEWS = YES;
				GENERATE_INFOPLIST_FILE = YES;
				INFOPLIST_FILE = ManusPsiqueia/Info.plist;
				INFOPLIST_KEY_CFBundleDisplayName = "Manus Psiqueia";
				INFOPLIST_KEY_UIApplicationSceneManifest_Generation = YES;
				INFOPLIST_KEY_UIApplicationSupportsIndirectInputEvents = YES;
				INFOPLIST_KEY_UILaunchScreen_Generation = YES;
				INFOPLIST_KEY_UISupportedInterfaceOrientations = UIInterfaceOrientationPortrait;
				INFOPLIST_KEY_UISupportedInterfaceOrientations_iPad = "UIInterfaceOrientationLandscapeLeft UIInterfaceOrientationLandscapeRight UIInterfaceOrientationPortrait UIInterfaceOrientationPortraitUpsideDown";
				IPHONEOS_DEPLOYMENT_TARGET = 16.0;
				LD_RUNPATH_SEARCH_PATHS = (
					"$(inherited)",
					"@executable_path/Frameworks",
				);
				MARKETING_VERSION = 1.0;
				PRODUCT_BUNDLE_IDENTIFIER = com.ailun.manuspsiqueia;
				PRODUCT_NAME = "$(TARGET_NAME)";
				SUPPORTED_PLATFORMS = "iphoneos iphonesimulator";
				SUPPORTS_MACCATALYST = NO;
				SUPPORTS_MAC_DESIGNED_FOR_IPHONE_IPAD = NO;
				SWIFT_EMIT_LOC_STRINGS = YES;
				SWIFT_VERSION = 5.0;
				TARGETED_DEVICE_FAMILY = 1;
			};
			name = Release;
		};
/* End XCBuildConfiguration section */

/* Begin XCConfigurationList section */
		A1234567890ABCDEF031 /* Build configuration list for PBXNativeTarget "ManusPsiqueia" */ = {
			isa = XCConfigurationList;
			buildConfigurations = (
				A1234567890ABCDEF038 /* Debug */,
				A1234567890ABCDEF039 /* Release */,
			);
			defaultConfigurationIsVisible = 0;
			defaultConfigurationName = Release;
		};
		A1234567890ABCDEF035 /* Build configuration list for PBXProject "ManusPsiqueia" */ = {
			isa = XCConfigurationList;
			buildConfigurations = (
				A1234567890ABCDEF036 /* Debug */,
				A1234567890ABCDEF037 /* Release */,
			);
			defaultConfigurationIsVisible = 0;
			defaultConfigurationName = Release;
		};
/* End XCConfigurationList section */
	};
	rootObject = A1234567890ABCDEF034 /* Project object */;
}
